interactions:
- request:
    body: null
    headers:
      Accept:
      - '*/*'
      Accept-Encoding:
      - gzip, deflate
      Connection:
      - keep-alive
      User-Agent:
      - python-requests/2.27.1
    method: GET
    uri: http://localhost:8080/blocks?blocks=1396
  response:
    body:
      string: "{ \"data\": [\n{\n  \"gasLimit\": 5000,\n  \"gasUsed\": 0,\n  \"hash\":
        \"0xae3d243c312707a8ec19ed261161b55b81cc4b194aa0358d1f34eac2f8e004f8\",\n
        \ \"blockNumber\": 1396,\n  \"parentHash\": \"0x39934ce035f203fa5eea208272716bbfdf4fb73f0128f20284365f123925fa7a\",\n
        \ \"miner\": \"0x9dfc0377058b7b9eb277421769b56df1395705f0\",\n  \"difficulty\":
        33729627254,\n  \"finalized\": true,\n  \"timestamp\": 1438272985,\n  \"baseFeePerGas\":
        0,\n  \"transactions\": []\n}], \"meta\": {\"unripe\": 16037114,\"ripe\":
        16037114,\"staging\": 16037114,\"finalized\": 16037114,\"client\": 16236032,\"chain\":
        \"mainnet\",\"clientId\": 1,\"networkId\": 1 } }"
    headers:
      Access-Control-Allow-Headers:
      - Origin, X-Requested-With, Content-Type, Accept
      Access-Control-Allow-Methods:
      - PUT, POST, GET, DELETE, OPTIONS
      Access-Control-Allow-Origin:
      - '*'
      Content-Length:
      - '577'
      Content-Type:
      - application/json; charset=UTF-8
      Date:
      - Wed, 21 Dec 2022 22:23:13 GMT
    status:
      code: 200
      message: OK
version: 1
