# This file is automatically @generated by Cargo.
# It is not intended for manual editing.
[[package]]
name = "aho-corasick"
version = "0.7.8"
source = "registry+https://github.com/rust-lang/crates.io-index"
dependencies = [
 "memchr 2.3.0 (registry+https://github.com/rust-lang/crates.io-index)",
]

[[package]]
name = "atty"
version = "0.2.14"
source = "registry+https://github.com/rust-lang/crates.io-index"
dependencies = [
 "hermit-abi 0.1.6 (registry+https://github.com/rust-lang/crates.io-index)",
 "libc 0.2.66 (registry+https://github.com/rust-lang/crates.io-index)",
 "winapi 0.3.8 (registry+https://github.com/rust-lang/crates.io-index)",
]

[[package]]
name = "bitflags"
version = "1.2.1"
source = "registry+https://github.com/rust-lang/crates.io-index"

[[package]]
name = "byteorder"
version = "1.3.4"
source = "registry+https://github.com/rust-lang/crates.io-index"

[[package]]
name = "cfg-if"
version = "0.1.10"
source = "registry+https://github.com/rust-lang/crates.io-index"

[[package]]
name = "clap"
version = "2.33.0"
source = "registry+https://github.com/rust-lang/crates.io-index"
dependencies = [
 "bitflags 1.2.1 (registry+https://github.com/rust-lang/crates.io-index)",
 "textwrap 0.11.0 (registry+https://github.com/rust-lang/crates.io-index)",
 "unicode-width 0.1.7 (registry+https://github.com/rust-lang/crates.io-index)",
]

[[package]]
name = "env_logger"
version = "0.7.1"
source = "registry+https://github.com/rust-lang/crates.io-index"
dependencies = [
 "atty 0.2.14 (registry+https://github.com/rust-lang/crates.io-index)",
 "humantime 1.3.0 (registry+https://github.com/rust-lang/crates.io-index)",
 "log 0.4.8 (registry+https://github.com/rust-lang/crates.io-index)",
 "regex 1.3.4 (registry+https://github.com/rust-lang/crates.io-index)",
 "termcolor 1.1.0 (registry+https://github.com/rust-lang/crates.io-index)",
]

[[package]]
name = "etherscan"
version = "0.1.0"
dependencies = [
 "byteorder 1.3.4 (registry+https://github.com/rust-lang/crates.io-index)",
 "env_logger 0.7.1 (registry+https://github.com/rust-lang/crates.io-index)",
 "filebuffer 0.4.0 (registry+https://github.com/rust-lang/crates.io-index)",
 "hex 0.3.2 (registry+https://github.com/rust-lang/crates.io-index)",
 "log 0.4.8 (registry+https://github.com/rust-lang/crates.io-index)",
 "rlimit 0.3.0 (registry+https://github.com/rust-lang/crates.io-index)",
 "structopt 0.2.18 (registry+https://github.com/rust-lang/crates.io-index)",
]

[[package]]
name = "filebuffer"
version = "0.4.0"
source = "registry+https://github.com/rust-lang/crates.io-index"
dependencies = [
 "libc 0.2.66 (registry+https://github.com/rust-lang/crates.io-index)",
 "winapi 0.3.8 (registry+https://github.com/rust-lang/crates.io-index)",
]

[[package]]
name = "heck"
version = "0.3.1"
source = "registry+https://github.com/rust-lang/crates.io-index"
dependencies = [
 "unicode-segmentation 1.6.0 (registry+https://github.com/rust-lang/crates.io-index)",
]

[[package]]
name = "hermit-abi"
version = "0.1.6"
source = "registry+https://github.com/rust-lang/crates.io-index"
dependencies = [
 "libc 0.2.66 (registry+https://github.com/rust-lang/crates.io-index)",
]

[[package]]
name = "hex"
version = "0.3.2"
source = "registry+https://github.com/rust-lang/crates.io-index"

[[package]]
name = "humantime"
version = "1.3.0"
source = "registry+https://github.com/rust-lang/crates.io-index"
dependencies = [
 "quick-error 1.2.3 (registry+https://github.com/rust-lang/crates.io-index)",
]

[[package]]
name = "lazy_static"
version = "1.4.0"
source = "registry+https://github.com/rust-lang/crates.io-index"

[[package]]
name = "libc"
version = "0.2.66"
source = "registry+https://github.com/rust-lang/crates.io-index"

[[package]]
name = "log"
version = "0.4.8"
source = "registry+https://github.com/rust-lang/crates.io-index"
dependencies = [
 "cfg-if 0.1.10 (registry+https://github.com/rust-lang/crates.io-index)",
]

[[package]]
name = "memchr"
version = "2.3.0"
source = "registry+https://github.com/rust-lang/crates.io-index"

[[package]]
name = "proc-macro2"
version = "0.4.30"
source = "registry+https://github.com/rust-lang/crates.io-index"
dependencies = [
 "unicode-xid 0.1.0 (registry+https://github.com/rust-lang/crates.io-index)",
]

[[package]]
name = "quick-error"
version = "1.2.3"
source = "registry+https://github.com/rust-lang/crates.io-index"

[[package]]
name = "quote"
version = "0.6.13"
source = "registry+https://github.com/rust-lang/crates.io-index"
dependencies = [
 "proc-macro2 0.4.30 (registry+https://github.com/rust-lang/crates.io-index)",
]

[[package]]
name = "regex"
version = "1.3.4"
source = "registry+https://github.com/rust-lang/crates.io-index"
dependencies = [
 "aho-corasick 0.7.8 (registry+https://github.com/rust-lang/crates.io-index)",
 "memchr 2.3.0 (registry+https://github.com/rust-lang/crates.io-index)",
 "regex-syntax 0.6.14 (registry+https://github.com/rust-lang/crates.io-index)",
 "thread_local 1.0.1 (registry+https://github.com/rust-lang/crates.io-index)",
]

[[package]]
name = "regex-syntax"
version = "0.6.14"
source = "registry+https://github.com/rust-lang/crates.io-index"

[[package]]
name = "rlimit"
version = "0.3.0"
source = "registry+https://github.com/rust-lang/crates.io-index"
dependencies = [
 "cfg-if 0.1.10 (registry+https://github.com/rust-lang/crates.io-index)",
 "libc 0.2.66 (registry+https://github.com/rust-lang/crates.io-index)",
]

[[package]]
name = "structopt"
version = "0.2.18"
source = "registry+https://github.com/rust-lang/crates.io-index"
dependencies = [
 "clap 2.33.0 (registry+https://github.com/rust-lang/crates.io-index)",
 "structopt-derive 0.2.18 (registry+https://github.com/rust-lang/crates.io-index)",
]

[[package]]
name = "structopt-derive"
version = "0.2.18"
source = "registry+https://github.com/rust-lang/crates.io-index"
dependencies = [
 "heck 0.3.1 (registry+https://github.com/rust-lang/crates.io-index)",
 "proc-macro2 0.4.30 (registry+https://github.com/rust-lang/crates.io-index)",
 "quote 0.6.13 (registry+https://github.com/rust-lang/crates.io-index)",
 "syn 0.15.44 (registry+https://github.com/rust-lang/crates.io-index)",
]

[[package]]
name = "syn"
version = "0.15.44"
source = "registry+https://github.com/rust-lang/crates.io-index"
dependencies = [
 "proc-macro2 0.4.30 (registry+https://github.com/rust-lang/crates.io-index)",
 "quote 0.6.13 (registry+https://github.com/rust-lang/crates.io-index)",
 "unicode-xid 0.1.0 (registry+https://github.com/rust-lang/crates.io-index)",
]

[[package]]
name = "termcolor"
version = "1.1.0"
source = "registry+https://github.com/rust-lang/crates.io-index"
dependencies = [
 "winapi-util 0.1.3 (registry+https://github.com/rust-lang/crates.io-index)",
]

[[package]]
name = "textwrap"
version = "0.11.0"
source = "registry+https://github.com/rust-lang/crates.io-index"
dependencies = [
 "unicode-width 0.1.7 (registry+https://github.com/rust-lang/crates.io-index)",
]

[[package]]
name = "thread_local"
version = "1.0.1"
source = "registry+https://github.com/rust-lang/crates.io-index"
dependencies = [
 "lazy_static 1.4.0 (registry+https://github.com/rust-lang/crates.io-index)",
]

[[package]]
name = "unicode-segmentation"
version = "1.6.0"
source = "registry+https://github.com/rust-lang/crates.io-index"

[[package]]
name = "unicode-width"
version = "0.1.7"
source = "registry+https://github.com/rust-lang/crates.io-index"

[[package]]
name = "unicode-xid"
version = "0.1.0"
source = "registry+https://github.com/rust-lang/crates.io-index"

[[package]]
name = "winapi"
version = "0.3.8"
source = "registry+https://github.com/rust-lang/crates.io-index"
dependencies = [
 "winapi-i686-pc-windows-gnu 0.4.0 (registry+https://github.com/rust-lang/crates.io-index)",
 "winapi-x86_64-pc-windows-gnu 0.4.0 (registry+https://github.com/rust-lang/crates.io-index)",
]

[[package]]
name = "winapi-i686-pc-windows-gnu"
version = "0.4.0"
source = "registry+https://github.com/rust-lang/crates.io-index"

[[package]]
name = "winapi-util"
version = "0.1.3"
source = "registry+https://github.com/rust-lang/crates.io-index"
dependencies = [
 "winapi 0.3.8 (registry+https://github.com/rust-lang/crates.io-index)",
]

[[package]]
name = "winapi-x86_64-pc-windows-gnu"
version = "0.4.0"
source = "registry+https://github.com/rust-lang/crates.io-index"

[metadata]
"checksum aho-corasick 0.7.8 (registry+https://github.com/rust-lang/crates.io-index)" = "743ad5a418686aad3b87fd14c43badd828cf26e214a00f92a384291cf22e1811"
"checksum atty 0.2.14 (registry+https://github.com/rust-lang/crates.io-index)" = "d9b39be18770d11421cdb1b9947a45dd3f37e93092cbf377614828a319d5fee8"
"checksum bitflags 1.2.1 (registry+https://github.com/rust-lang/crates.io-index)" = "cf1de2fe8c75bc145a2f577add951f8134889b4795d47466a54a5c846d691693"
"checksum byteorder 1.3.4 (registry+https://github.com/rust-lang/crates.io-index)" = "08c48aae112d48ed9f069b33538ea9e3e90aa263cfa3d1c24309612b1f7472de"
"checksum cfg-if 0.1.10 (registry+https://github.com/rust-lang/crates.io-index)" = "4785bdd1c96b2a846b2bd7cc02e86b6b3dbf14e7e53446c4f54c92a361040822"
"checksum clap 2.33.0 (registry+https://github.com/rust-lang/crates.io-index)" = "5067f5bb2d80ef5d68b4c87db81601f0b75bca627bc2ef76b141d7b846a3c6d9"
"checksum env_logger 0.7.1 (registry+https://github.com/rust-lang/crates.io-index)" = "44533bbbb3bb3c1fa17d9f2e4e38bbbaf8396ba82193c4cb1b6445d711445d36"
"checksum filebuffer 0.4.0 (registry+https://github.com/rust-lang/crates.io-index)" = "1b41bfe1d74263ea9d084be951077614b3b98b4e59a9dafab1467645a9e52305"
"checksum heck 0.3.1 (registry+https://github.com/rust-lang/crates.io-index)" = "20564e78d53d2bb135c343b3f47714a56af2061f1c928fdb541dc7b9fdd94205"
"checksum hermit-abi 0.1.6 (registry+https://github.com/rust-lang/crates.io-index)" = "eff2656d88f158ce120947499e971d743c05dbcbed62e5bd2f38f1698bbc3772"
"checksum hex 0.3.2 (registry+https://github.com/rust-lang/crates.io-index)" = "805026a5d0141ffc30abb3be3173848ad46a1b1664fe632428479619a3644d77"
"checksum humantime 1.3.0 (registry+https://github.com/rust-lang/crates.io-index)" = "df004cfca50ef23c36850aaaa59ad52cc70d0e90243c3c7737a4dd32dc7a3c4f"
"checksum lazy_static 1.4.0 (registry+https://github.com/rust-lang/crates.io-index)" = "e2abad23fbc42b3700f2f279844dc832adb2b2eb069b2df918f455c4e18cc646"
"checksum libc 0.2.66 (registry+https://github.com/rust-lang/crates.io-index)" = "d515b1f41455adea1313a4a2ac8a8a477634fbae63cc6100e3aebb207ce61558"
"checksum log 0.4.8 (registry+https://github.com/rust-lang/crates.io-index)" = "14b6052be84e6b71ab17edffc2eeabf5c2c3ae1fdb464aae35ac50c67a44e1f7"
"checksum memchr 2.3.0 (registry+https://github.com/rust-lang/crates.io-index)" = "3197e20c7edb283f87c071ddfc7a2cca8f8e0b888c242959846a6fce03c72223"
"checksum proc-macro2 0.4.30 (registry+https://github.com/rust-lang/crates.io-index)" = "cf3d2011ab5c909338f7887f4fc896d35932e29146c12c8d01da6b22a80ba759"
"checksum quick-error 1.2.3 (registry+https://github.com/rust-lang/crates.io-index)" = "a1d01941d82fa2ab50be1e79e6714289dd7cde78eba4c074bc5a4374f650dfe0"
"checksum quote 0.6.13 (registry+https://github.com/rust-lang/crates.io-index)" = "6ce23b6b870e8f94f81fb0a363d65d86675884b34a09043c81e5562f11c1f8e1"
"checksum regex 1.3.4 (registry+https://github.com/rust-lang/crates.io-index)" = "322cf97724bea3ee221b78fe25ac9c46114ebb51747ad5babd51a2fc6a8235a8"
"checksum regex-syntax 0.6.14 (registry+https://github.com/rust-lang/crates.io-index)" = "b28dfe3fe9badec5dbf0a79a9cccad2cfc2ab5484bdb3e44cbd1ae8b3ba2be06"
"checksum rlimit 0.3.0 (registry+https://github.com/rust-lang/crates.io-index)" = "e6d26e65e82a1e2628c5f209ec12f4508fa50e644bd2f264138e60129d61eae8"
"checksum structopt 0.2.18 (registry+https://github.com/rust-lang/crates.io-index)" = "16c2cdbf9cc375f15d1b4141bc48aeef444806655cd0e904207edc8d68d86ed7"
"checksum structopt-derive 0.2.18 (registry+https://github.com/rust-lang/crates.io-index)" = "53010261a84b37689f9ed7d395165029f9cc7abb9f56bbfe86bee2597ed25107"
"checksum syn 0.15.44 (registry+https://github.com/rust-lang/crates.io-index)" = "9ca4b3b69a77cbe1ffc9e198781b7acb0c7365a883670e8f1c1bc66fba79a5c5"
"checksum termcolor 1.1.0 (registry+https://github.com/rust-lang/crates.io-index)" = "bb6bfa289a4d7c5766392812c0a1f4c1ba45afa1ad47803c11e1f407d846d75f"
"checksum textwrap 0.11.0 (registry+https://github.com/rust-lang/crates.io-index)" = "d326610f408c7a4eb6f51c37c330e496b08506c9457c9d34287ecc38809fb060"
"checksum thread_local 1.0.1 (registry+https://github.com/rust-lang/crates.io-index)" = "d40c6d1b69745a6ec6fb1ca717914848da4b44ae29d9b3080cbee91d72a69b14"
"checksum unicode-segmentation 1.6.0 (registry+https://github.com/rust-lang/crates.io-index)" = "e83e153d1053cbb5a118eeff7fd5be06ed99153f00dbcd8ae310c5fb2b22edc0"
"checksum unicode-width 0.1.7 (registry+https://github.com/rust-lang/crates.io-index)" = "caaa9d531767d1ff2150b9332433f32a24622147e5ebb1f26409d5da67afd479"
"checksum unicode-xid 0.1.0 (registry+https://github.com/rust-lang/crates.io-index)" = "fc72304796d0818e357ead4e000d19c9c174ab23dc11093ac919054d20a6a7fc"
"checksum winapi 0.3.8 (registry+https://github.com/rust-lang/crates.io-index)" = "8093091eeb260906a183e6ae1abdba2ef5ef2257a21801128899c3fc699229c6"
"checksum winapi-i686-pc-windows-gnu 0.4.0 (registry+https://github.com/rust-lang/crates.io-index)" = "ac3b87c63620426dd9b991e5ce0329eff545bccbbb34f3be09ff6fb6ab51b7b6"
"checksum winapi-util 0.1.3 (registry+https://github.com/rust-lang/crates.io-index)" = "4ccfbf554c6ad11084fb7517daca16cfdcaccbdadba4fc336f032a8b12c2ad80"
"checksum winapi-x86_64-pc-windows-gnu 0.4.0 (registry+https://github.com/rust-lang/crates.io-index)" = "712e227841d057c1ee1cd2fb22fa7e5a5461ae8e48fa2ca79ec42cfc1931183f"
